{
  "name": "v86_arch_linux",
  "version": "1.0.0",
  "lockfileVersion": 3,
  "requires": true,
  "packages": {
    "": {
      "name": "v86_arch_linux",
      "version": "1.0.0",
      "license": "ISC",
      "dependencies": {
        "v86": "^0.5.301"
      }
    },
    "node_modules/v86": {
      "version": "0.5.301",
      "resolved": "https://registry.npmjs.org/v86/-/v86-0.5.301.tgz",
      "integrity": "sha512-eHi2/6j/aoL6qxYMbc3c9CjurI/E3Arny60fIHMY762o+7a9X+yroRxr55bBrbOuQwAbSWAHe/VCau42xMem3w==",
      "license": "BSD-2-Clause"
    }
  }
}
