{
  "name": "llm_compiler_examples",
  "version": "1.0.0",
  "lockfileVersion": 3,
  "requires": true,
  "packages": {
    "": {
      "name": "llm_compiler_examples",
      "version": "1.0.0",
      "dependencies": {
        "binaryen": "^125.0.0"
      }
    },
    "node_modules/binaryen": {
      "version": "125.0.0",
      "resolved": "https://registry.npmjs.org/binaryen/-/binaryen-125.0.0.tgz",
      "integrity": "sha512-X7CUM9ZnwL/Ow++JH5AJKiemc82J7JyeryuPvXQdXBLcL/rqrC5KMUB1mHiORSolietH9sotvaOZlr6HSwPAlw==",
      "license": "Apache-2.0",
      "bin": {
        "wasm-as": "bin/wasm-as",
        "wasm-ctor-eval": "bin/wasm-ctor-eval",
        "wasm-dis": "bin/wasm-dis",
        "wasm-merge": "bin/wasm-merge",
        "wasm-metadce": "bin/wasm-metadce",
        "wasm-opt": "bin/wasm-opt",
        "wasm-reduce": "bin/wasm-reduce",
        "wasm-shell": "bin/wasm-shell",
        "wasm2js": "bin/wasm2js"
      }
    }
  }
}
